// !$*UTF8*$!
{
	archiveVersion = 1;
	classes = {
	};
	objectVersion = 48;
	objects = {

/* Begin PBXBuildFile section */
		B3C0FA3D204D75D5001E764D /* AppDelegate.m in Sources */ = {isa = PBXBuildFile; fileRef = B3C0FA3C204D75D5001E764D /* AppDelegate.m */; };
		B3C0FA40204D75D5001E764D /* ViewController.m in Sources */ = {isa = PBXBuildFile; fileRef = B3C0FA3F204D75D5001E764D /* ViewController.m */; };
		B3C0FA43204D75D5001E764D /* Main.storyboard in Resources */ = {isa = PBXBuildFile; fileRef = B3C0FA41204D75D5001E764D /* Main.storyboard */; };
		B3C0FA45204D75D5001E764D /* Assets.xcassets in Resources */ = {isa = PBXBuildFile; fileRef = B3C0FA44204D75D5001E764D /* Assets.xcassets */; };
		B3C0FA48204D75D5001E764D /* LaunchScreen.storyboard in Resources */ = {isa = PBXBuildFile; fileRef = B3C0FA46204D75D5001E764D /* LaunchScreen.storyboard */; };
		B3C0FA4B204D75D5001E764D /* main.m in Sources */ = {isa = PBXBuildFile; fileRef = B3C0FA4A204D75D5001E764D /* main.m */; };
/* End PBXBuildFile section */

/* Begin PBXFileReference section */
		B3C0FA38204D75D5001E764D /* Controllers.app */ = {isa = PBXFileReference; explicitFileType = wrapper.application; includeInIndex = 0; path = Controllers.app; sourceTree = BUILT_PRODUCTS_DIR; };
		B3C0FA3B204D75D5001E764D /* AppDelegate.h */ = {isa = PBXFileReference; lastKnownFileType = sourcecode.c.h; path = AppDelegate.h; sourceTree = "<group>"; };
		B3C0FA3C204D75D5001E764D /* AppDelegate.m */ = {isa = PBXFileReference; lastKnownFileType = sourcecode.c.objc; path = AppDelegate.m; sourceTree = "<group>"; };
		B3C0FA3E204D75D5001E764D /* ViewController.h */ = {isa = PBXFileReference; lastKnownFileType = sourcecode.c.h; path = ViewController.h; sourceTree = "<group>"; };
		B3C0FA3F204D75D5001E764D /* ViewController.m */ = {isa = PBXFileReference; lastKnownFileType = sourcecode.c.objc; path = ViewController.m; sourceTree = "<group>"; };
		B3C0FA42204D75D5001E764D /* Base */ = {isa = PBXFileReference; lastKnownFileType = file.storyboard; name = Base; path = Base.lproj/Main.storyboard; sourceTree = "<group>"; };
		B3C0FA44204D75D5001E764D /* Assets.xcassets */ = {isa = PBXFileReference; lastKnownFileType = folder.assetcatalog; path = Assets.xcassets; sourceTree = "<group>"; };
		B3C0FA47204D75D5001E764D /* Base */ = {isa = PBXFileReference; lastKnownFileType = file.storyboard; name = Base; path = Base.lproj/LaunchScreen.storyboard; sourceTree = "<group>"; };
		B3C0FA49204D75D5001E764D /* Info.plist */ = {isa = PBXFileReference; lastKnownFileType = text.plist.xml; path = Info.plist; sourceTree = "<group>"; };
		B3C0FA4A204D75D5001E764D /* main.m */ = {isa = PBXFileReference; lastKnownFileType = sourcecode.c.objc; path = main.m; sourceTree = "<group>"; };
/* End PBXFileReference section */

/* Begin PBXFrameworksBuildPhase section */
		B3C0FA35204D75D5001E764D /* Frameworks */ = {
			isa = PBXFrameworksBuildPhase;
			buildActionMask = 2147483647;
			files = (
			);
			runOnlyForDeploymentPostprocessing = 0;
		};
/* End PBXFrameworksBuildPhase section */

/* Begin PBXGroup section */
		B3C0FA2F204D75D5001E764D = {
			isa = PBXGroup;
			children = (
				B3C0FA3A204D75D5001E764D /* Controllers */,
				B3C0FA39204D75D5001E764D /* Products */,
			);
			sourceTree = "<group>";
		};
		B3C0FA39204D75D5001E764D /* Products */ = {
			isa = PBXGroup;
			children = (
				B3C0FA38204D75D5001E764D /* Controllers.app */,
			);
			name = Products;
			sourceTree = "<group>";
		};
		B3C0FA3A204D75D5001E764D /* Controllers */ = {
			isa = PBXGroup;
			children = (
				B3C0FA3B204D75D5001E764D /* AppDelegate.h */,
				B3C0FA3C204D75D5001E764D /* AppDelegate.m */,
				B3C0FA3E204D75D5001E764D /* ViewController.h */,
				B3C0FA3F204D75D5001E764D /* ViewController.m */,
				B3C0FA41204D75D5001E764D /* Main.storyboard */,
				B3C0FA44204D75D5001E764D /* Assets.xcassets */,
				B3C0FA46204D75D5001E764D /* LaunchScreen.storyboard */,
				B3C0FA49204D75D5001E764D /* Info.plist */,
				B3C0FA4A204D75D5001E764D /* main.m */,
			);
			path = Controllers;
			sourceTree = "<group>";
		};
/* End PBXGroup section */

/* Begin PBXNativeTarget section */
		B3C0FA37204D75D5001E764D /* Controllers */ = {
			isa = PBXNativeTarget;
			buildConfigurationList = B3C0FA4E204D75D5001E764D /* Build configuration list for PBXNativeTarget "Controllers" */;
			buildPhases = (
				B3C0FA34204D75D5001E764D /* Sources */,
				B3C0FA35204D75D5001E764D /* Frameworks */,
				B3C0FA36204D75D5001E764D /* Resources */,
			);
			buildRules = (
			);
			dependencies = (
			);
			name = Controllers;
			productName = Controllers;
			productReference = B3C0FA38204D75D5001E764D /* Controllers.app */;
			productType = "com.apple.product-type.application";
		};
/* End PBXNativeTarget section */

/* Begin PBXProject section */
		B3C0FA30204D75D5001E764D /* Project object */ = {
			isa = PBXProject;
			attributes = {
				LastUpgradeCheck = 0920;
				ORGANIZATIONNAME = Rui;
				TargetAttributes = {
					B3C0FA37204D75D5001E764D = {
						CreatedOnToolsVersion = 9.2;
						ProvisioningStyle = Automatic;
					};
				};
			};
			buildConfigurationList = B3C0FA33204D75D5001E764D /* Build configuration list for PBXProject "Controllers" */;
			compatibilityVersion = "Xcode 8.0";
			developmentRegion = en;
			hasScannedForEncodings = 0;
			knownRegions = (
				en,
				Base,
			);
			mainGroup = B3C0FA2F204D75D5001E764D;
			productRefGroup = B3C0FA39204D75D5001E764D /* Products */;
			projectDirPath = "";
			projectRoot = "";
			targets = (
				B3C0FA37204D75D5001E764D /* Controllers */,
			);
		};
/* End PBXProject section */

/* Begin PBXResourcesBuildPhase section */
		B3C0FA36204D75D5001E764D /* Resources */ = {
			isa = PBXResourcesBuildPhase;
			buildActionMask = 2147483647;
			files = (
				B3C0FA48204D75D5001E764D /* LaunchScreen.storyboard in Resources */,
				B3C0FA45204D75D5001E764D /* Assets.xcassets in Resources */,
				B3C0FA43204D75D5001E764D /* Main.storyboard in Resources */,
			);
			runOnlyForDeploymentPostprocessing = 0;
		};
/* End PBXResourcesBuildPhase section */

/* Begin PBXSourcesBuildPhase section */
		B3C0FA34204D75D5001E764D /* Sources */ = {
			isa = PBXSourcesBuildPhase;
			buildActionMask = 2147483647;
			files = (
				B3C0FA40204D75D5001E764D /* ViewController.m in Sources */,
				B3C0FA4B204D75D5001E764D /* main.m in Sources */,
				B3C0FA3D204D75D5001E764D /* AppDelegate.m in Sources */,
			);
			runOnlyForDeploymentPostprocessing = 0;
		};
/* End PBXSourcesBuildPhase section */

/* Begin PBXVariantGroup section */
		B3C0FA41204D75D5001E764D /* Main.storyboard */ = {
			isa = PBXVariantGroup;
			children = (
				B3C0FA42204D75D5001E764D /* Base */,
			);
			name = Main.storyboard;
			sourceTree = "<group>";
		};
		B3C0FA46204D75D5001E764D /* LaunchScreen.storyboard */ = {
			isa = PBXVariantGroup;
			children = (
				B3C0FA47204D75D5001E764D /* Base */,
			);
			name = LaunchScreen.storyboard;
			sourceTree = "<group>";
		};
/* End PBXVariantGroup section */

/* Begin XCBuildConfiguration section */
		B3C0FA4C204D75D5001E764D /* Debug */ = {
			isa = XCBuildConfiguration;
			buildSettings = {
				ALWAYS_SEARCH_USER_PATHS = NO;
				CLANG_ANALYZER_NONNULL = YES;
				CLANG_ANALYZER_NUMBER_OBJECT_CONVERSION = YES_AGGRESSIVE;
				CLANG_CXX_LANGUAGE_STANDARD = "gnu++14";
				CLANG_CXX_LIBRARY = "libc++";
				CLANG_ENABLE_MODULES = YES;
				CLANG_ENABLE_OBJC_ARC = YES;
				CLANG_WARN_BLOCK_CAPTURE_AUTORELEASING = YES;
				CLANG_WARN_BOOL_CONVERSION = YES;
				CLANG_WARN_COMMA = YES;
				CLANG_WARN_CONSTANT_CONVERSION = YES;
				CLANG_WARN_DIRECT_OBJC_ISA_USAGE = YES_ERROR;
				CLANG_WARN_DOCUMENTATION_COMMENTS = YES;
				CLANG_WARN_EMPTY_BODY = YES;
				CLANG_WARN_ENUM_CONVERSION = YES;
				CLANG_WARN_INFINITE_RECURSION = YES;
				CLANG_WARN_INT_CONVERSION = YES;
				CLANG_WARN_NON_LITERAL_NULL_CONVERSION = YES;
				CLANG_WARN_OBJC_LITERAL_CONVERSION = YES;
				CLANG_WARN_OBJC_ROOT_CLASS = YES_ERROR;
				CLANG_WARN_RANGE_LOOP_ANALYSIS = YES;
				CLANG_WARN_STRICT_PROTOTYPES = YES;
				CLANG_WARN_SUSPICIOUS_MOVE = YES;
				CLANG_WARN_UNGUARDED_AVAILABILITY = YES_AGGRESSIVE;
				CLANG_WARN_UNREACHABLE_CODE = YES;
				CLANG_WARN__DUPLICATE_METHOD_MATCH = YES;
				CODE_SIGN_IDENTITY = "iPhone Developer";
				COPY_PHASE_STRIP = NO;
				DEBUG_INFORMATION_FORMAT = dwarf;
				ENABLE_STRICT_OBJC_MSGSEND = YES;
				ENABLE_TESTABILITY = YES;
				GCC_C_LANGUAGE_STANDARD = gnu11;
				GCC_DYNAMIC_NO_PIC = NO;
				GCC_NO_COMMON_BLOCKS = YES;
				GCC_OPTIMIZATION_LEVEL = 0;
				GCC_PREPROCESSOR_DEFINITIONS = (
					"DEBUG=1",
					"$(inherited)",
				);
				GCC_WARN_64_TO_32_BIT_CONVERSION = YES;
				GCC_WARN_ABOUT_RETURN_TYPE = YES_ERROR;
				GCC_WARN_UNDECLARED_SELECTOR = YES;
				GCC_WARN_UNINITIALIZED_AUTOS = YES_AGGRESSIVE;
				GCC_WARN_UNUSED_FUNCTION = YES;
				GCC_WARN_UNUSED_VARIABLE = YES;
				IPHONEOS_DEPLOYMENT_TARGET = 11.2;
				MTL_ENABLE_DEBUG_INFO = YES;
				ONLY_ACTIVE_ARCH = YES;
				SDKROOT = iphoneos;
			};
			name = Debug;
		};
		B3C0FA4D204D75D5001E764D /* Release */ = {
			isa = XCBuildConfiguration;
			buildSettings = {
				ALWAYS_SEARCH_USER_PATHS = NO;
				CLANG_ANALYZER_NONNULL = YES;
				CLANG_ANALYZER_NUMBER_OBJECT_CONVERSION = YES_AGGRESSIVE;
				CLANG_CXX_LANGUAGE_STANDARD = "gnu++14";
				CLANG_CXX_LIBRARY = "libc++";
				CLANG_ENABLE_MODULES = YES;
				CLANG_ENABLE_OBJC_ARC = YES;
				CLANG_WARN_BLOCK_CAPTURE_AUTORELEASING = YES;
				CLANG_WARN_BOOL_CONVERSION = YES;
				CLANG_WARN_COMMA = YES;
				CLANG_WARN_CONSTANT_CONVERSION = YES;
				CLANG_WARN_DIRECT_OBJC_ISA_USAGE = YES_ERROR;
				CLANG_WARN_DOCUMENTATION_COMMENTS = YES;
				CLANG_WARN_EMPTY_BODY = YES;
				CLANG_WARN_ENUM_CONVERSION = YES;
				CLANG_WARN_INFINITE_RECURSION = YES;
				CLANG_WARN_INT_CONVERSION = YES;
				CLANG_WARN_NON_LITERAL_NULL_CONVERSION = YES;
				CLANG_WARN_OBJC_LITERAL_CONVERSION = YES;
				CLANG_WARN_OBJC_ROOT_CLASS = YES_ERROR;
				CLANG_WARN_RANGE_LOOP_ANALYSIS = YES;
				CLANG_WARN_STRICT_PROTOTYPES = YES;
				CLANG_WARN_SUSPICIOUS_MOVE = YES;
				CLANG_WARN_UNGUARDED_AVAILABILITY = YES_AGGRESSIVE;
				CLANG_WARN_UNREACHABLE_CODE = YES;
				CLANG_WARN__DUPLICATE_METHOD_MATCH = YES;
				CODE_SIGN_IDENTITY = "iPhone Developer";
				COPY_PHASE_STRIP = NO;
				DEBUG_INFORMATION_FORMAT = "dwarf-with-dsym";
				ENABLE_NS_ASSERTIONS = NO;
				ENABLE_STRICT_OBJC_MSGSEND = YES;
				GCC_C_LANGUAGE_STANDARD = gnu11;
				GCC_NO_COMMON_BLOCKS = YES;
				GCC_WARN_64_TO_32_BIT_CONVERSION = YES;
				GCC_WARN_ABOUT_RETURN_TYPE = YES_ERROR;
				GCC_WARN_UNDECLARED_SELECTOR = YES;
				GCC_WARN_UNINITIALIZED_AUTOS = YES_AGGRESSIVE;
				GCC_WARN_UNUSED_FUNCTION = YES;
				GCC_WARN_UNUSED_VARIABLE = YES;
				IPHONEOS_DEPLOYMENT_TARGET = 11.2;
				MTL_ENABLE_DEBUG_INFO = NO;
				SDKROOT = iphoneos;
				VALIDATE_PRODUCT = YES;
			};
			name = Release;
		};
		B3C0FA4F204D75D5001E764D /* Debug */ = {
			isa = XCBuildConfiguration;
			buildSettings = {
				ASSETCATALOG_COMPILER_APPICON_NAME = AppIcon;
				CODE_SIGN_STYLE = Automatic;
				INFOPLIST_FILE = Controllers/Info.plist;
				LD_RUNPATH_SEARCH_PATHS = "$(inherited) @executable_path/Frameworks";
				PRODUCT_BUNDLE_IDENTIFIER = Rui.Controllers;
				PRODUCT_NAME = "$(TARGET_NAME)";
				TARGETED_DEVICE_FAMILY = "1,2";
			};
			name = Debug;
		};
		B3C0FA50204D75D5001E764D /* Release */ = {
			isa = XCBuildConfiguration;
			buildSettings = {
				ASSETCATALOG_COMPILER_APPICON_NAME = AppIcon;
				CODE_SIGN_STYLE = Automatic;
				INFOPLIST_FILE = Controllers/Info.plist;
				LD_RUNPATH_SEARCH_PATHS = "$(inherited) @executable_path/Frameworks";
				PRODUCT_BUNDLE_IDENTIFIER = Rui.Controllers;
				PRODUCT_NAME = "$(TARGET_NAME)";
				TARGETED_DEVICE_FAMILY = "1,2";
			};
			name = Release;
		};
/* End XCBuildConfiguration section */

/* Begin XCConfigurationList section */
		B3C0FA33204D75D5001E764D /* Build configuration list for PBXProject "Controllers" */ = {
			isa = XCConfigurationList;
			buildConfigurations = (
				B3C0FA4C204D75D5001E764D /* Debug */,
				B3C0FA4D204D75D5001E764D /* Release */,
			);
			defaultConfigurationIsVisible = 0;
			defaultConfigurationName = Release;
		};
		B3C0FA4E204D75D5001E764D /* Build configuration list for PBXNativeTarget "Controllers" */ = {
			isa = XCConfigurationList;
			buildConfigurations = (
				B3C0FA4F204D75D5001E764D /* Debug */,
				B3C0FA50204D75D5001E764D /* Release */,
			);
			defaultConfigurationIsVisible = 0;
			defaultConfigurationName = Release;
		};
/* End XCConfigurationList section */
	};
	rootObject = B3C0FA30204D75D5001E764D /* Project object */;
}
